
Microsoft Visual Studio Solution File, Format Version 12.00
# Visual Studio Version 17
VisualStudioVersion = 17.0.31903.59
MinimumVisualStudioVersion = 10.0.40219.1
Project("{FAE04EC0-301F-11D3-BF4B-00C04F79EFBC}") = "Calculator", "Calculator\Calculator.csproj", "{D0AE7713-65B0-4342-866E-1E02618B5737}"
EndProject
Project("{FAE04EC0-301F-11D3-BF4B-00C04F79EFBC}") = "Calculator.Tests", "Calculator.Tests\Calculator.Tests.csproj", "{017A5FF8-37EC-4A5D-98FF-1660F2994D0B}"
EndProject
Global
	GlobalSection(SolutionConfigurationPlatforms) = preSolution
		Debug|Any CPU = Debug|Any CPU
		Release|Any CPU = Release|Any CPU
	EndGlobalSection
	GlobalSection(SolutionProperties) = preSolution
		HideSolutionNode = FALSE
	EndGlobalSection
	GlobalSection(ProjectConfigurationPlatforms) = postSolution
		{D0AE7713-65B0-4342-866E-1E02618B5737}.Debug|Any CPU.ActiveCfg = Debug|Any CPU
		{D0AE7713-65B0-4342-866E-1E02618B5737}.Debug|Any CPU.Build.0 = Debug|Any CPU
		{D0AE7713-65B0-4342-866E-1E02618B5737}.Release|Any CPU.ActiveCfg = Release|Any CPU
		{D0AE7713-65B0-4342-866E-1E02618B5737}.Release|Any CPU.Build.0 = Release|Any CPU
		{017A5FF8-37EC-4A5D-98FF-1660F2994D0B}.Debug|Any CPU.ActiveCfg = Debug|Any CPU
		{017A5FF8-37EC-4A5D-98FF-1660F2994D0B}.Debug|Any CPU.Build.0 = Debug|Any CPU
		{017A5FF8-37EC-4A5D-98FF-1660F2994D0B}.Release|Any CPU.ActiveCfg = Release|Any CPU
		{017A5FF8-37EC-4A5D-98FF-1660F2994D0B}.Release|Any CPU.Build.0 = Release|Any CPU
	EndGlobalSection
EndGlobal
