
Microsoft Visual Studio Solution File, Format Version 12.00
# Visual Studio Version 16
VisualStudioVersion = 16.0.30114.105
MinimumVisualStudioVersion = 10.0.40219.1
Project("{FAE04EC0-301F-11D3-BF4B-00C04F79EFBC}") = "PrimeService.Tests", "PrimeService.Tests\PrimeService.Tests.csproj", "{C6866D61-E927-4BB8-995D-1D2088019A2B}"
EndProject
Project("{FAE04EC0-301F-11D3-BF4B-00C04F79EFBC}") = "PrimeService", "PrimeService\PrimeService.csproj", "{2CF061B9-5E32-461D-8547-B134653AF500}"
EndProject
Project("{FAE04EC0-301F-11D3-BF4B-00C04F79EFBC}") = "Calculator", "Calculator\Calculator.csproj", "{FF827540-DA5B-40DE-9A07-649CF3A9F2FE}"
EndProject
Project("{FAE04EC0-301F-11D3-BF4B-00C04F79EFBC}") = "Calculator.Tests", "Calculator.Tests\Calculator.Tests.csproj", "{F354D633-027B-40DC-A4BF-D4CC448A40E9}"
EndProject
Global
	GlobalSection(SolutionConfigurationPlatforms) = preSolution
		Debug|Any CPU = Debug|Any CPU
		Debug|x64 = Debug|x64
		Debug|x86 = Debug|x86
		Release|Any CPU = Release|Any CPU
		Release|x64 = Release|x64
		Release|x86 = Release|x86
	EndGlobalSection
	GlobalSection(SolutionProperties) = preSolution
		HideSolutionNode = FALSE
	EndGlobalSection
	GlobalSection(ProjectConfigurationPlatforms) = postSolution
		{C6866D61-E927-4BB8-995D-1D2088019A2B}.Debug|Any CPU.ActiveCfg = Debug|Any CPU
		{C6866D61-E927-4BB8-995D-1D2088019A2B}.Debug|Any CPU.Build.0 = Debug|Any CPU
		{C6866D61-E927-4BB8-995D-1D2088019A2B}.Debug|x64.ActiveCfg = Debug|Any CPU
		{C6866D61-E927-4BB8-995D-1D2088019A2B}.Debug|x64.Build.0 = Debug|Any CPU
		{C6866D61-E927-4BB8-995D-1D2088019A2B}.Debug|x86.ActiveCfg = Debug|Any CPU
		{C6866D61-E927-4BB8-995D-1D2088019A2B}.Debug|x86.Build.0 = Debug|Any CPU
		{C6866D61-E927-4BB8-995D-1D2088019A2B}.Release|Any CPU.ActiveCfg = Release|Any CPU
		{C6866D61-E927-4BB8-995D-1D2088019A2B}.Release|Any CPU.Build.0 = Release|Any CPU
		{C6866D61-E927-4BB8-995D-1D2088019A2B}.Release|x64.ActiveCfg = Release|Any CPU
		{C6866D61-E927-4BB8-995D-1D2088019A2B}.Release|x64.Build.0 = Release|Any CPU
		{C6866D61-E927-4BB8-995D-1D2088019A2B}.Release|x86.ActiveCfg = Release|Any CPU
		{C6866D61-E927-4BB8-995D-1D2088019A2B}.Release|x86.Build.0 = Release|Any CPU
		{2CF061B9-5E32-461D-8547-B134653AF500}.Debug|Any CPU.ActiveCfg = Debug|Any CPU
		{2CF061B9-5E32-461D-8547-B134653AF500}.Debug|Any CPU.Build.0 = Debug|Any CPU
		{2CF061B9-5E32-461D-8547-B134653AF500}.Debug|x64.ActiveCfg = Debug|Any CPU
		{2CF061B9-5E32-461D-8547-B134653AF500}.Debug|x64.Build.0 = Debug|Any CPU
		{2CF061B9-5E32-461D-8547-B134653AF500}.Debug|x86.ActiveCfg = Debug|Any CPU
		{2CF061B9-5E32-461D-8547-B134653AF500}.Debug|x86.Build.0 = Debug|Any CPU
		{2CF061B9-5E32-461D-8547-B134653AF500}.Release|Any CPU.ActiveCfg = Release|Any CPU
		{2CF061B9-5E32-461D-8547-B134653AF500}.Release|Any CPU.Build.0 = Release|Any CPU
		{2CF061B9-5E32-461D-8547-B134653AF500}.Release|x64.ActiveCfg = Release|Any CPU
		{2CF061B9-5E32-461D-8547-B134653AF500}.Release|x64.Build.0 = Release|Any CPU
		{2CF061B9-5E32-461D-8547-B134653AF500}.Release|x86.ActiveCfg = Release|Any CPU
		{2CF061B9-5E32-461D-8547-B134653AF500}.Release|x86.Build.0 = Release|Any CPU
		{FF827540-DA5B-40DE-9A07-649CF3A9F2FE}.Debug|Any CPU.ActiveCfg = Debug|Any CPU
		{FF827540-DA5B-40DE-9A07-649CF3A9F2FE}.Debug|Any CPU.Build.0 = Debug|Any CPU
		{FF827540-DA5B-40DE-9A07-649CF3A9F2FE}.Debug|x64.ActiveCfg = Debug|Any CPU
		{FF827540-DA5B-40DE-9A07-649CF3A9F2FE}.Debug|x64.Build.0 = Debug|Any CPU
		{FF827540-DA5B-40DE-9A07-649CF3A9F2FE}.Debug|x86.ActiveCfg = Debug|Any CPU
		{FF827540-DA5B-40DE-9A07-649CF3A9F2FE}.Debug|x86.Build.0 = Debug|Any CPU
		{FF827540-DA5B-40DE-9A07-649CF3A9F2FE}.Release|Any CPU.ActiveCfg = Release|Any CPU
		{FF827540-DA5B-40DE-9A07-649CF3A9F2FE}.Release|Any CPU.Build.0 = Release|Any CPU
		{FF827540-DA5B-40DE-9A07-649CF3A9F2FE}.Release|x64.ActiveCfg = Release|Any CPU
		{FF827540-DA5B-40DE-9A07-649CF3A9F2FE}.Release|x64.Build.0 = Release|Any CPU
		{FF827540-DA5B-40DE-9A07-649CF3A9F2FE}.Release|x86.ActiveCfg = Release|Any CPU
		{FF827540-DA5B-40DE-9A07-649CF3A9F2FE}.Release|x86.Build.0 = Release|Any CPU
		{F354D633-027B-40DC-A4BF-D4CC448A40E9}.Debug|Any CPU.ActiveCfg = Debug|Any CPU
		{F354D633-027B-40DC-A4BF-D4CC448A40E9}.Debug|Any CPU.Build.0 = Debug|Any CPU
		{F354D633-027B-40DC-A4BF-D4CC448A40E9}.Debug|x64.ActiveCfg = Debug|Any CPU
		{F354D633-027B-40DC-A4BF-D4CC448A40E9}.Debug|x64.Build.0 = Debug|Any CPU
		{F354D633-027B-40DC-A4BF-D4CC448A40E9}.Debug|x86.ActiveCfg = Debug|Any CPU
		{F354D633-027B-40DC-A4BF-D4CC448A40E9}.Debug|x86.Build.0 = Debug|Any CPU
		{F354D633-027B-40DC-A4BF-D4CC448A40E9}.Release|Any CPU.ActiveCfg = Release|Any CPU
		{F354D633-027B-40DC-A4BF-D4CC448A40E9}.Release|Any CPU.Build.0 = Release|Any CPU
		{F354D633-027B-40DC-A4BF-D4CC448A40E9}.Release|x64.ActiveCfg = Release|Any CPU
		{F354D633-027B-40DC-A4BF-D4CC448A40E9}.Release|x64.Build.0 = Release|Any CPU
		{F354D633-027B-40DC-A4BF-D4CC448A40E9}.Release|x86.ActiveCfg = Release|Any CPU
		{F354D633-027B-40DC-A4BF-D4CC448A40E9}.Release|x86.Build.0 = Release|Any CPU
	EndGlobalSection
EndGlobal
